{
  "name": "Brewnit",
  "requires": true,
  "lockfileVersion": 1,
  "dependencies": {
    "@ungap/event-target": {
      "version": "0.2.0",
      "resolved": "https://registry.npmjs.org/@ungap/event-target/-/event-target-0.2.0.tgz",
      "integrity": "sha512-9uhX3uyWuSgNbwY6TwXxat12Y48nODsQ3LBRvCVtUg23OsFqnXOcKqRA51dwZhG+Prx3nh8MWwwgm2P5O2nFMw=="
    },
    "balloon-css": {
      "version": "0.5.0",
      "resolved": "https://registry.npmjs.org/balloon-css/-/balloon-css-0.5.0.tgz",
      "integrity": "sha1-ajwGXvq56l9QmpXUMV3wCq4RT6M="
    },
    "fancybox": {
      "version": "3.0.1",
      "resolved": "https://registry.npmjs.org/fancybox/-/fancybox-3.0.1.tgz",
      "integrity": "sha512-HZ57O6j5Zk4Uvusd5pNUgWi7CCjKx+HFlCzjMPeRJ//0bQWUK+xVpkn3EzXWJate4ZSKNFP9kU2l49MP1g+oow=="
    }
  }
}
