# THIS IS AN AUTOGENERATED FILE. DO NOT EDIT THIS FILE DIRECTLY.
# yarn lockfile v1


balloon-css@^0.5.0:
  version "0.5.0"
  resolved "https://registry.yarnpkg.com/balloon-css/-/balloon-css-0.5.0.tgz#6a3c065efab9ea5f509a95d4315df00aae114fa3"
  integrity sha1-ajwGXvq56l9QmpXUMV3wCq4RT6M=

fancybox@^3.0.1:
  version "3.0.1"
  resolved "https://registry.yarnpkg.com/fancybox/-/fancybox-3.0.1.tgz#13f6927449157ed026c69e78c2ba5bf0f1da9af7"
  integrity sha512-HZ57O6j5Zk4Uvusd5pNUgWi7CCjKx+HFlCzjMPeRJ//0bQWUK+xVpkn3EzXWJate4ZSKNFP9kU2l49MP1g+oow==
